
Microsoft Visual Studio Solution File, Format Version 12.00
# Visual Studio 2013
VisualStudioVersion = 12.0.21005.1
MinimumVisualStudioVersion = 10.0.40219.1
Project("{FAE04EC0-301F-11D3-BF4B-00C04F79EFBC}") = "IoCContainer.Service", "IoCContainer\IoCContainer.Service.csproj", "{12741E50-97AA-4140-87C9-04C81A620ACD}"
EndProject
Project("{FAE04EC0-301F-11D3-BF4B-00C04F79EFBC}") = "IoCContainer.Common", "IoCContainer.Common\IoCContainer.Common.csproj", "{D65203FF-5DD8-4A1E-B055-FD560F552D1F}"
EndProject
Project("{FAE04EC0-301F-11D3-BF4B-00C04F79EFBC}") = "TestControllerIoCRegistrationSite", "TestControllerIoCRegistrationSite\TestControllerIoCRegistrationSite.csproj", "{583F9759-2B0A-4103-A33F-776A593EE173}"
EndProject
Global
	GlobalSection(SolutionConfigurationPlatforms) = preSolution
		Debug|Any CPU = Debug|Any CPU
		Release|Any CPU = Release|Any CPU
	EndGlobalSection
	GlobalSection(ProjectConfigurationPlatforms) = postSolution
		{12741E50-97AA-4140-87C9-04C81A620ACD}.Debug|Any CPU.ActiveCfg = Debug|Any CPU
		{12741E50-97AA-4140-87C9-04C81A620ACD}.Debug|Any CPU.Build.0 = Debug|Any CPU
		{12741E50-97AA-4140-87C9-04C81A620ACD}.Release|Any CPU.ActiveCfg = Release|Any CPU
		{12741E50-97AA-4140-87C9-04C81A620ACD}.Release|Any CPU.Build.0 = Release|Any CPU
		{D65203FF-5DD8-4A1E-B055-FD560F552D1F}.Debug|Any CPU.ActiveCfg = Debug|Any CPU
		{D65203FF-5DD8-4A1E-B055-FD560F552D1F}.Debug|Any CPU.Build.0 = Debug|Any CPU
		{D65203FF-5DD8-4A1E-B055-FD560F552D1F}.Release|Any CPU.ActiveCfg = Release|Any CPU
		{D65203FF-5DD8-4A1E-B055-FD560F552D1F}.Release|Any CPU.Build.0 = Release|Any CPU
		{583F9759-2B0A-4103-A33F-776A593EE173}.Debug|Any CPU.ActiveCfg = Debug|Any CPU
		{583F9759-2B0A-4103-A33F-776A593EE173}.Debug|Any CPU.Build.0 = Debug|Any CPU
		{583F9759-2B0A-4103-A33F-776A593EE173}.Release|Any CPU.ActiveCfg = Release|Any CPU
		{583F9759-2B0A-4103-A33F-776A593EE173}.Release|Any CPU.Build.0 = Release|Any CPU
	EndGlobalSection
	GlobalSection(SolutionProperties) = preSolution
		HideSolutionNode = FALSE
	EndGlobalSection
EndGlobal
